# @generated by Move, please check-in and do not edit manually.

[move]
version = 3
manifest_digest = "F7EFFFC011EFBF43B6C5EEE019C867CC73B72415E30DDEDE146A372A5181C748"
deps_digest = "F8BBB0CCB2491CA29A3DF03D6F92277A4F3574266507ACD77214D37ECA3F3082"
dependencies = [
  { id = "Iota", name = "Iota" },
]

[[move.package]]
id = "Iota"
source = { git = "https://github.com/iotaledger/iota.git", rev = "testnet", subdir = "crates/iota-framework/packages/iota-framework" }

dependencies = [
  { id = "MoveStdlib", name = "MoveStdlib" },
]

[[move.package]]
id = "MoveStdlib"
source = { git = "https://github.com/iotaledger/iota.git", rev = "testnet", subdir = "crates/iota-framework/packages/move-stdlib" }

[move.toolchain-version]
compiler-version = "0.12.0-rc"
edition = "2024.beta"
flavor = "iota"

[env]

[env.testnet]
chain-id = "2304aa97"
original-published-id = "0x15ebec4c1f58e38024783d351f69ccdcebf02561e5d85aaf9ac40145770a0fc4"
latest-published-id = "0x15ebec4c1f58e38024783d351f69ccdcebf02561e5d85aaf9ac40145770a0fc4"
published-version = "1"
